dependencies:
- name: grafana
  repository: https://grafana.github.io/helm-charts
  version: 6.6.0
- name: influxdb
  repository: https://helm.influxdata.com/
  version: 4.9.14
digest: sha256:8177c92cef66799ab13a39bed7f88f27481c670d464936f659973387f1589b59
generated: "2021-03-11T09:28:51.803843-05:00"
